
Microsoft Visual Studio Solution File, Format Version 12.00
# Visual Studio Version 17
VisualStudioVersion = 17.14.37216.2 d17.14
MinimumVisualStudioVersion = 10.0.40219.1
Project("{FAE04EC0-301F-11D3-BF4B-00C04F79EFBC}") = "WordCards", "WordCards\WordCards.csproj", "{086CDB8F-3282-4FCA-9936-9F4E465D9B8E}"
EndProject
Global
	GlobalSection(SolutionConfigurationPlatforms) = preSolution
		Debug|Any CPU = Debug|Any CPU
		Release|Any CPU = Release|Any CPU
	EndGlobalSection
	GlobalSection(ProjectConfigurationPlatforms) = postSolution
		{086CDB8F-3282-4FCA-9936-9F4E465D9B8E}.Debug|Any CPU.ActiveCfg = Debug|Any CPU
		{086CDB8F-3282-4FCA-9936-9F4E465D9B8E}.Debug|Any CPU.Build.0 = Debug|Any CPU
		{086CDB8F-3282-4FCA-9936-9F4E465D9B8E}.Release|Any CPU.ActiveCfg = Release|Any CPU
		{086CDB8F-3282-4FCA-9936-9F4E465D9B8E}.Release|Any CPU.Build.0 = Release|Any CPU
	EndGlobalSection
	GlobalSection(SolutionProperties) = preSolution
		HideSolutionNode = FALSE
	EndGlobalSection
	GlobalSection(ExtensibilityGlobals) = postSolution
		SolutionGuid = {049328F1-FEB0-41CC-9C7C-2C0A7A36234C}
	EndGlobalSection
EndGlobal
